
Microsoft Visual Studio Solution File, Format Version 12.00
# Visual Studio Version 17
VisualStudioVersion = 17.4.33205.214
MinimumVisualStudioVersion = 10.0.40219.1
Project("{FAE04EC0-301F-11D3-BF4B-00C04F79EFBC}") = "Aula01.NetFramework", "Aula01.NetFramework.csproj", "{FC104DCA-1589-4F02-AAF6-8B7D7D5293CA}"
EndProject
Global
	GlobalSection(SolutionConfigurationPlatforms) = preSolution
		Debug|Any CPU = Debug|Any CPU
		Release|Any CPU = Release|Any CPU
	EndGlobalSection
	GlobalSection(ProjectConfigurationPlatforms) = postSolution
		{FC104DCA-1589-4F02-AAF6-8B7D7D5293CA}.Debug|Any CPU.ActiveCfg = Debug|Any CPU
		{FC104DCA-1589-4F02-AAF6-8B7D7D5293CA}.Debug|Any CPU.Build.0 = Debug|Any CPU
		{FC104DCA-1589-4F02-AAF6-8B7D7D5293CA}.Release|Any CPU.ActiveCfg = Release|Any CPU
		{FC104DCA-1589-4F02-AAF6-8B7D7D5293CA}.Release|Any CPU.Build.0 = Release|Any CPU
	EndGlobalSection
	GlobalSection(SolutionProperties) = preSolution
		HideSolutionNode = FALSE
	EndGlobalSection
	GlobalSection(ExtensibilityGlobals) = postSolution
		SolutionGuid = {DB88F78B-DDA1-4A52-9FF5-812F1B9E24B2}
	EndGlobalSection
EndGlobal
