
Microsoft Visual Studio Solution File, Format Version 12.00
# Visual Studio Version 17
VisualStudioVersion = 17.4.33122.133
MinimumVisualStudioVersion = 10.0.40219.1
Project("{FAE04EC0-301F-11D3-BF4B-00C04F79EFBC}") = "Utilitarios", "Utilitarios.csproj", "{AF4723C7-B0B4-488B-B5F5-5C5ABC7D6059}"
EndProject
Global
	GlobalSection(SolutionConfigurationPlatforms) = preSolution
		Debug|Any CPU = Debug|Any CPU
		Release|Any CPU = Release|Any CPU
	EndGlobalSection
	GlobalSection(ProjectConfigurationPlatforms) = postSolution
		{AF4723C7-B0B4-488B-B5F5-5C5ABC7D6059}.Debug|Any CPU.ActiveCfg = Debug|Any CPU
		{AF4723C7-B0B4-488B-B5F5-5C5ABC7D6059}.Debug|Any CPU.Build.0 = Debug|Any CPU
		{AF4723C7-B0B4-488B-B5F5-5C5ABC7D6059}.Release|Any CPU.ActiveCfg = Release|Any CPU
		{AF4723C7-B0B4-488B-B5F5-5C5ABC7D6059}.Release|Any CPU.Build.0 = Release|Any CPU
	EndGlobalSection
	GlobalSection(SolutionProperties) = preSolution
		HideSolutionNode = FALSE
	EndGlobalSection
	GlobalSection(ExtensibilityGlobals) = postSolution
		SolutionGuid = {74D475C7-2FA3-4671-8648-D9436B7348F5}
	EndGlobalSection
EndGlobal
