
Microsoft Visual Studio Solution File, Format Version 12.00
# Visual Studio Version 17
VisualStudioVersion = 17.4.33205.214
MinimumVisualStudioVersion = 10.0.40219.1
Project("{FAE04EC0-301F-11D3-BF4B-00C04F79EFBC}") = "Aula09.WebApi", "..\Aula09.WebApi\Aula09.WebApi.csproj", "{3A4C9334-CF02-4B38-9DCB-3A84D9822C86}"
EndProject
Global
	GlobalSection(SolutionConfigurationPlatforms) = preSolution
		Debug|Any CPU = Debug|Any CPU
		Release|Any CPU = Release|Any CPU
	EndGlobalSection
	GlobalSection(ProjectConfigurationPlatforms) = postSolution
		{3A4C9334-CF02-4B38-9DCB-3A84D9822C86}.Debug|Any CPU.ActiveCfg = Debug|Any CPU
		{3A4C9334-CF02-4B38-9DCB-3A84D9822C86}.Debug|Any CPU.Build.0 = Debug|Any CPU
		{3A4C9334-CF02-4B38-9DCB-3A84D9822C86}.Release|Any CPU.ActiveCfg = Release|Any CPU
		{3A4C9334-CF02-4B38-9DCB-3A84D9822C86}.Release|Any CPU.Build.0 = Release|Any CPU
	EndGlobalSection
	GlobalSection(SolutionProperties) = preSolution
		HideSolutionNode = FALSE
	EndGlobalSection
	GlobalSection(ExtensibilityGlobals) = postSolution
		SolutionGuid = {D53EF430-DF1F-4005-BD33-D2D10EC51D1C}
	EndGlobalSection
EndGlobal
